
Microsoft Visual Studio Solution File, Format Version 12.00
# Visual Studio Version 17
VisualStudioVersion = 17.14.36109.1
MinimumVisualStudioVersion = 10.0.40219.1
Project("{FAE04EC0-301F-11D3-BF4B-00C04F79EFBC}") = "SteamShelf", "SteamShelf.csproj", "{FED9CA26-D8C6-41B0-8189-6A8847BF738E}"
EndProject
Global
	GlobalSection(SolutionConfigurationPlatforms) = preSolution
		Debug|Any CPU = Debug|Any CPU
		Release|Any CPU = Release|Any CPU
	EndGlobalSection
	GlobalSection(ProjectConfigurationPlatforms) = postSolution
		{FED9CA26-D8C6-41B0-8189-6A8847BF738E}.Debug|Any CPU.ActiveCfg = Debug|Any CPU
		{FED9CA26-D8C6-41B0-8189-6A8847BF738E}.Debug|Any CPU.Build.0 = Debug|Any CPU
		{FED9CA26-D8C6-41B0-8189-6A8847BF738E}.Release|Any CPU.ActiveCfg = Release|Any CPU
		{FED9CA26-D8C6-41B0-8189-6A8847BF738E}.Release|Any CPU.Build.0 = Release|Any CPU
	EndGlobalSection
	GlobalSection(SolutionProperties) = preSolution
		HideSolutionNode = FALSE
	EndGlobalSection
	GlobalSection(ExtensibilityGlobals) = postSolution
		SolutionGuid = {DF6B80E0-02DB-4273-A444-B8453BF8E9A5}
	EndGlobalSection
EndGlobal
